<?xml version="1.0" encoding="UTF-8" standalone="yes" ?>
<CodeBlocks_project_file>
	<FileVersion major="1" minor="6" />
	<Project>
		<Option title="FDX_Arrow" />
		<Option pch_mode="2" />
		<Option compiler="gcc" />
		<Option virtualFolders="FDX_Vct\;FDX_Geo\;" />
		<Build>
			<Target title="Debug">
				<Option output="bin/Debug/FDX_Arrow" prefix_auto="1" extension_auto="1" />
				<Option working_dir="" />
				<Option object_output="obj/Debug/" />
				<Option type="2" />
				<Option compiler="gcc" />
			</Target>
			<Target title="Release">
				<Option output="bin/Release/FDX_Arrow" prefix_auto="1" extension_auto="1" />
				<Option working_dir="" />
				<Option object_output="obj/Release/" />
				<Option type="2" />
				<Option compiler="gcc" />
				<Compiler>
					<Add option="-O3" />
				</Compiler>
				<Linker>
					<Add option="-s" />
				</Linker>
			</Target>
		</Build>
		<Compiler>
			<Add option="-Wall" />
			<Add option="-fexceptions" />
			<Add directory="../dev" />
		</Compiler>
		<Unit filename="FDX_Geo/FDX_Geo.cpp">
			<Option virtualFolder="FDX_Geo/" />
		</Unit>
		<Unit filename="FDX_Geo/FDX_Geo.hpp">
			<Option virtualFolder="FDX_Geo/" />
		</Unit>
		<Unit filename="FDX_Vct/FDX_Vct.cpp">
			<Option virtualFolder="FDX_Vct/" />
		</Unit>
		<Unit filename="FDX_Vct/FDX_Vct.hpp">
			<Option virtualFolder="FDX_Vct/" />
		</Unit>
		<Extensions>
			<code_completion />
			<envvars />
			<debugger />
			<lib_finder disable_auto="1" />
		</Extensions>
	</Project>
</CodeBlocks_project_file>
